// !$*UTF8*$!
{
	archiveVersion = 1;
	classes = {
	};
	objectVersion = 46;
	objects = {

/* Begin PBXBuildFile section */
		33464A6F8E3918FB41B15911 /* libPods.a in Frameworks */ = {isa = PBXBuildFile; fileRef = 9D586E4451DE2505A2975A07 /* libPods.a */; };
		FBA187141C3F9BCB00941420 /* main.m in Sources */ = {isa = PBXBuildFile; fileRef = FBA187131C3F9BCB00941420 /* main.m */; };
		FBA187171C3F9BCB00941420 /* AppDelegate.m in Sources */ = {isa = PBXBuildFile; fileRef = FBA187161C3F9BCB00941420 /* AppDelegate.m */; };
		FBA1871F1C3F9BCB00941420 /* Assets.xcassets in Resources */ = {isa = PBXBuildFile; fileRef = FBA1871E1C3F9BCB00941420 /* Assets.xcassets */; };
		FBA187221C3F9BCB00941420 /* LaunchScreen.storyboard in Resources */ = {isa = PBXBuildFile; fileRef = FBA187201C3F9BCB00941420 /* LaunchScreen.storyboard */; };
		FBA1872D1C3F9BCB00941420 /* CityListViewControllerTests.m in Sources */ = {isa = PBXBuildFile; fileRef = FBA1872C1C3F9BCB00941420 /* CityListViewControllerTests.m */; };
		FBA187381C3F9BCB00941420 /* CityListViewControllerUITests.m in Sources */ = {isa = PBXBuildFile; fileRef = FBA187371C3F9BCB00941420 /* CityListViewControllerUITests.m */; };
		FBA187481C3F9C0F00941420 /* MYCityListViewController.m in Sources */ = {isa = PBXBuildFile; fileRef = FBA187461C3F9C0F00941420 /* MYCityListViewController.m */; };
		FBA187491C3F9C0F00941420 /* MYCityListViewController.xib in Resources */ = {isa = PBXBuildFile; fileRef = FBA187471C3F9C0F00941420 /* MYCityListViewController.xib */; };
		FBA1874C1C3FA07A00941420 /* UIImage+Extension.m in Sources */ = {isa = PBXBuildFile; fileRef = FBA1874B1C3FA07A00941420 /* UIImage+Extension.m */; };
		FBA1874E1C3FA45800941420 /* cityListSourceArray.plist in Resources */ = {isa = PBXBuildFile; fileRef = FBA1874D1C3FA45800941420 /* cityListSourceArray.plist */; };
		FBA187571C3FA52100941420 /* MYCityEntyM.m in Sources */ = {isa = PBXBuildFile; fileRef = FBA187561C3FA52100941420 /* MYCityEntyM.m */; };
		FBA1875A1C3FAE8200941420 /* MYCitySearchViewController.m in Sources */ = {isa = PBXBuildFile; fileRef = FBA187591C3FAE8200941420 /* MYCitySearchViewController.m */; };
		FBA1875D1C3FB0BB00941420 /* pinyin.c in Sources */ = {isa = PBXBuildFile; fileRef = FBA1875B1C3FB0BB00941420 /* pinyin.c */; };
/* End PBXBuildFile section */

/* Begin PBXContainerItemProxy section */
		FBA187291C3F9BCB00941420 /* PBXContainerItemProxy */ = {
			isa = PBXContainerItemProxy;
			containerPortal = FBA187071C3F9BCB00941420 /* Project object */;
			proxyType = 1;
			remoteGlobalIDString = FBA1870E1C3F9BCB00941420;
			remoteInfo = CityListViewController;
		};
		FBA187341C3F9BCB00941420 /* PBXContainerItemProxy */ = {
			isa = PBXContainerItemProxy;
			containerPortal = FBA187071C3F9BCB00941420 /* Project object */;
			proxyType = 1;
			remoteGlobalIDString = FBA1870E1C3F9BCB00941420;
			remoteInfo = CityListViewController;
		};
/* End PBXContainerItemProxy section */

/* Begin PBXFileReference section */
		2A23FB7F533355CCED9DD698 /* Pods.release.xcconfig */ = {isa = PBXFileReference; includeInIndex = 1; lastKnownFileType = text.xcconfig; name = Pods.release.xcconfig; path = "Pods/Target Support Files/Pods/Pods.release.xcconfig"; sourceTree = "<group>"; };
		9A747E876F07CFA3C4B636CC /* Pods.debug.xcconfig */ = {isa = PBXFileReference; includeInIndex = 1; lastKnownFileType = text.xcconfig; name = Pods.debug.xcconfig; path = "Pods/Target Support Files/Pods/Pods.debug.xcconfig"; sourceTree = "<group>"; };
		9D586E4451DE2505A2975A07 /* libPods.a */ = {isa = PBXFileReference; explicitFileType = archive.ar; includeInIndex = 0; path = libPods.a; sourceTree = BUILT_PRODUCTS_DIR; };
		FBA1870F1C3F9BCB00941420 /* CityListViewController.app */ = {isa = PBXFileReference; explicitFileType = wrapper.application; includeInIndex = 0; path = CityListViewController.app; sourceTree = BUILT_PRODUCTS_DIR; };
		FBA187131C3F9BCB00941420 /* main.m */ = {isa = PBXFileReference; lastKnownFileType = sourcecode.c.objc; path = main.m; sourceTree = "<group>"; };
		FBA187151C3F9BCB00941420 /* AppDelegate.h */ = {isa = PBXFileReference; lastKnownFileType = sourcecode.c.h; path = AppDelegate.h; sourceTree = "<group>"; };
		FBA187161C3F9BCB00941420 /* AppDelegate.m */ = {isa = PBXFileReference; lastKnownFileType = sourcecode.c.objc; path = AppDelegate.m; sourceTree = "<group>"; };
		FBA1871E1C3F9BCB00941420 /* Assets.xcassets */ = {isa = PBXFileReference; lastKnownFileType = folder.assetcatalog; path = Assets.xcassets; sourceTree = "<group>"; };
		FBA187211C3F9BCB00941420 /* Base */ = {isa = PBXFileReference; lastKnownFileType = file.storyboard; name = Base; path = Base.lproj/LaunchScreen.storyboard; sourceTree = "<group>"; };
		FBA187231C3F9BCB00941420 /* Info.plist */ = {isa = PBXFileReference; lastKnownFileType = text.plist.xml; path = Info.plist; sourceTree = "<group>"; };
		FBA187281C3F9BCB00941420 /* CityListViewControllerTests.xctest */ = {isa = PBXFileReference; explicitFileType = wrapper.cfbundle; includeInIndex = 0; path = CityListViewControllerTests.xctest; sourceTree = BUILT_PRODUCTS_DIR; };
		FBA1872C1C3F9BCB00941420 /* CityListViewControllerTests.m */ = {isa = PBXFileReference; lastKnownFileType = sourcecode.c.objc; path = CityListViewControllerTests.m; sourceTree = "<group>"; };
		FBA1872E1C3F9BCB00941420 /* Info.plist */ = {isa = PBXFileReference; lastKnownFileType = text.plist.xml; path = Info.plist; sourceTree = "<group>"; };
		FBA187331C3F9BCB00941420 /* CityListViewControllerUITests.xctest */ = {isa = PBXFileReference; explicitFileType = wrapper.cfbundle; includeInIndex = 0; path = CityListViewControllerUITests.xctest; sourceTree = BUILT_PRODUCTS_DIR; };
		FBA187371C3F9BCB00941420 /* CityListViewControllerUITests.m */ = {isa = PBXFileReference; lastKnownFileType = sourcecode.c.objc; path = CityListViewControllerUITests.m; sourceTree = "<group>"; };
		FBA187391C3F9BCB00941420 /* Info.plist */ = {isa = PBXFileReference; lastKnownFileType = text.plist.xml; path = Info.plist; sourceTree = "<group>"; };
		FBA187451C3F9C0F00941420 /* MYCityListViewController.h */ = {isa = PBXFileReference; fileEncoding = 4; lastKnownFileType = sourcecode.c.h; path = MYCityListViewController.h; sourceTree = "<group>"; };
		FBA187461C3F9C0F00941420 /* MYCityListViewController.m */ = {isa = PBXFileReference; fileEncoding = 4; lastKnownFileType = sourcecode.c.objc; path = MYCityListViewController.m; sourceTree = "<group>"; };
		FBA187471C3F9C0F00941420 /* MYCityListViewController.xib */ = {isa = PBXFileReference; fileEncoding = 4; lastKnownFileType = file.xib; path = MYCityListViewController.xib; sourceTree = "<group>"; };
		FBA1874A1C3FA07A00941420 /* UIImage+Extension.h */ = {isa = PBXFileReference; fileEncoding = 4; lastKnownFileType = sourcecode.c.h; path = "UIImage+Extension.h"; sourceTree = "<group>"; };
		FBA1874B1C3FA07A00941420 /* UIImage+Extension.m */ = {isa = PBXFileReference; fileEncoding = 4; lastKnownFileType = sourcecode.c.objc; path = "UIImage+Extension.m"; sourceTree = "<group>"; };
		FBA1874D1C3FA45800941420 /* cityListSourceArray.plist */ = {isa = PBXFileReference; fileEncoding = 4; lastKnownFileType = text.plist.xml; path = cityListSourceArray.plist; sourceTree = "<group>"; };
		FBA187551C3FA52100941420 /* MYCityEntyM.h */ = {isa = PBXFileReference; fileEncoding = 4; lastKnownFileType = sourcecode.c.h; path = MYCityEntyM.h; sourceTree = "<group>"; };
		FBA187561C3FA52100941420 /* MYCityEntyM.m */ = {isa = PBXFileReference; fileEncoding = 4; lastKnownFileType = sourcecode.c.objc; path = MYCityEntyM.m; sourceTree = "<group>"; };
		FBA187581C3FAE8200941420 /* MYCitySearchViewController.h */ = {isa = PBXFileReference; fileEncoding = 4; lastKnownFileType = sourcecode.c.h; path = MYCitySearchViewController.h; sourceTree = "<group>"; };
		FBA187591C3FAE8200941420 /* MYCitySearchViewController.m */ = {isa = PBXFileReference; fileEncoding = 4; lastKnownFileType = sourcecode.c.objc; path = MYCitySearchViewController.m; sourceTree = "<group>"; };
		FBA1875B1C3FB0BB00941420 /* pinyin.c */ = {isa = PBXFileReference; fileEncoding = 4; lastKnownFileType = sourcecode.c.c; path = pinyin.c; sourceTree = "<group>"; };
		FBA1875C1C3FB0BB00941420 /* pinyin.h */ = {isa = PBXFileReference; fileEncoding = 4; lastKnownFileType = sourcecode.c.h; path = pinyin.h; sourceTree = "<group>"; };
/* End PBXFileReference section */

/* Begin PBXFrameworksBuildPhase section */
		FBA1870C1C3F9BCB00941420 /* Frameworks */ = {
			isa = PBXFrameworksBuildPhase;
			buildActionMask = 2147483647;
			files = (
				33464A6F8E3918FB41B15911 /* libPods.a in Frameworks */,
			);
			runOnlyForDeploymentPostprocessing = 0;
		};
		FBA187251C3F9BCB00941420 /* Frameworks */ = {
			isa = PBXFrameworksBuildPhase;
			buildActionMask = 2147483647;
			files = (
			);
			runOnlyForDeploymentPostprocessing = 0;
		};
		FBA187301C3F9BCB00941420 /* Frameworks */ = {
			isa = PBXFrameworksBuildPhase;
			buildActionMask = 2147483647;
			files = (
			);
			runOnlyForDeploymentPostprocessing = 0;
		};
/* End PBXFrameworksBuildPhase section */

/* Begin PBXGroup section */
		47DEA4F7C9EDD7055612375E /* Pods */ = {
			isa = PBXGroup;
			children = (
				9A747E876F07CFA3C4B636CC /* Pods.debug.xcconfig */,
				2A23FB7F533355CCED9DD698 /* Pods.release.xcconfig */,
			);
			name = Pods;
			sourceTree = "<group>";
		};
		98C770633F97F39A789AD583 /* Frameworks */ = {
			isa = PBXGroup;
			children = (
				9D586E4451DE2505A2975A07 /* libPods.a */,
			);
			name = Frameworks;
			sourceTree = "<group>";
		};
		FBA187061C3F9BCB00941420 = {
			isa = PBXGroup;
			children = (
				FBA187111C3F9BCB00941420 /* CityListViewController */,
				FBA1872B1C3F9BCB00941420 /* CityListViewControllerTests */,
				FBA187361C3F9BCB00941420 /* CityListViewControllerUITests */,
				FBA187101C3F9BCB00941420 /* Products */,
				47DEA4F7C9EDD7055612375E /* Pods */,
				98C770633F97F39A789AD583 /* Frameworks */,
			);
			sourceTree = "<group>";
		};
		FBA187101C3F9BCB00941420 /* Products */ = {
			isa = PBXGroup;
			children = (
				FBA1870F1C3F9BCB00941420 /* CityListViewController.app */,
				FBA187281C3F9BCB00941420 /* CityListViewControllerTests.xctest */,
				FBA187331C3F9BCB00941420 /* CityListViewControllerUITests.xctest */,
			);
			name = Products;
			sourceTree = "<group>";
		};
		FBA187111C3F9BCB00941420 /* CityListViewController */ = {
			isa = PBXGroup;
			children = (
				FBA187511C3FA4D900941420 /* VC */,
				FBA187501C3FA4D000941420 /* V */,
				FBA1874F1C3FA4BB00941420 /* M */,
				FBA187151C3F9BCB00941420 /* AppDelegate.h */,
				FBA187161C3F9BCB00941420 /* AppDelegate.m */,
				FBA1871E1C3F9BCB00941420 /* Assets.xcassets */,
				FBA187201C3F9BCB00941420 /* LaunchScreen.storyboard */,
				FBA187231C3F9BCB00941420 /* Info.plist */,
				FBA187121C3F9BCB00941420 /* Supporting Files */,
			);
			path = CityListViewController;
			sourceTree = "<group>";
		};
		FBA187121C3F9BCB00941420 /* Supporting Files */ = {
			isa = PBXGroup;
			children = (
				FBA1875B1C3FB0BB00941420 /* pinyin.c */,
				FBA1875C1C3FB0BB00941420 /* pinyin.h */,
				FBA1874D1C3FA45800941420 /* cityListSourceArray.plist */,
				FBA1874A1C3FA07A00941420 /* UIImage+Extension.h */,
				FBA1874B1C3FA07A00941420 /* UIImage+Extension.m */,
				FBA187131C3F9BCB00941420 /* main.m */,
			);
			name = "Supporting Files";
			sourceTree = "<group>";
		};
		FBA1872B1C3F9BCB00941420 /* CityListViewControllerTests */ = {
			isa = PBXGroup;
			children = (
				FBA1872C1C3F9BCB00941420 /* CityListViewControllerTests.m */,
				FBA1872E1C3F9BCB00941420 /* Info.plist */,
			);
			path = CityListViewControllerTests;
			sourceTree = "<group>";
		};
		FBA187361C3F9BCB00941420 /* CityListViewControllerUITests */ = {
			isa = PBXGroup;
			children = (
				FBA187371C3F9BCB00941420 /* CityListViewControllerUITests.m */,
				FBA187391C3F9BCB00941420 /* Info.plist */,
			);
			path = CityListViewControllerUITests;
			sourceTree = "<group>";
		};
		FBA1874F1C3FA4BB00941420 /* M */ = {
			isa = PBXGroup;
			children = (
				FBA187551C3FA52100941420 /* MYCityEntyM.h */,
				FBA187561C3FA52100941420 /* MYCityEntyM.m */,
			);
			name = M;
			sourceTree = "<group>";
		};
		FBA187501C3FA4D000941420 /* V */ = {
			isa = PBXGroup;
			children = (
			);
			name = V;
			sourceTree = "<group>";
		};
		FBA187511C3FA4D900941420 /* VC */ = {
			isa = PBXGroup;
			children = (
				FBA187451C3F9C0F00941420 /* MYCityListViewController.h */,
				FBA187461C3F9C0F00941420 /* MYCityListViewController.m */,
				FBA187471C3F9C0F00941420 /* MYCityListViewController.xib */,
				FBA187581C3FAE8200941420 /* MYCitySearchViewController.h */,
				FBA187591C3FAE8200941420 /* MYCitySearchViewController.m */,
			);
			name = VC;
			sourceTree = "<group>";
		};
/* End PBXGroup section */

/* Begin PBXNativeTarget section */
		FBA1870E1C3F9BCB00941420 /* CityListViewController */ = {
			isa = PBXNativeTarget;
			buildConfigurationList = FBA1873C1C3F9BCB00941420 /* Build configuration list for PBXNativeTarget "CityListViewController" */;
			buildPhases = (
				0602171144DA1A7DCCBF7433 /* Check Pods Manifest.lock */,
				FBA1870B1C3F9BCB00941420 /* Sources */,
				FBA1870C1C3F9BCB00941420 /* Frameworks */,
				FBA1870D1C3F9BCB00941420 /* Resources */,
				989CE4AE72F4F6516A73062E /* Embed Pods Frameworks */,
				5B22BCD7E4AEFD7278320309 /* Copy Pods Resources */,
			);
			buildRules = (
			);
			dependencies = (
			);
			name = CityListViewController;
			productName = CityListViewController;
			productReference = FBA1870F1C3F9BCB00941420 /* CityListViewController.app */;
			productType = "com.apple.product-type.application";
		};
		FBA187271C3F9BCB00941420 /* CityListViewControllerTests */ = {
			isa = PBXNativeTarget;
			buildConfigurationList = FBA1873F1C3F9BCB00941420 /* Build configuration list for PBXNativeTarget "CityListViewControllerTests" */;
			buildPhases = (
				FBA187241C3F9BCB00941420 /* Sources */,
				FBA187251C3F9BCB00941420 /* Frameworks */,
				FBA187261C3F9BCB00941420 /* Resources */,
			);
			buildRules = (
			);
			dependencies = (
				FBA1872A1C3F9BCB00941420 /* PBXTargetDependency */,
			);
			name = CityListViewControllerTests;
			productName = CityListViewControllerTests;
			productReference = FBA187281C3F9BCB00941420 /* CityListViewControllerTests.xctest */;
			productType = "com.apple.product-type.bundle.unit-test";
		};
		FBA187321C3F9BCB00941420 /* CityListViewControllerUITests */ = {
			isa = PBXNativeTarget;
			buildConfigurationList = FBA187421C3F9BCB00941420 /* Build configuration list for PBXNativeTarget "CityListViewControllerUITests" */;
			buildPhases = (
				FBA1872F1C3F9BCB00941420 /* Sources */,
				FBA187301C3F9BCB00941420 /* Frameworks */,
				FBA187311C3F9BCB00941420 /* Resources */,
			);
			buildRules = (
			);
			dependencies = (
				FBA187351C3F9BCB00941420 /* PBXTargetDependency */,
			);
			name = CityListViewControllerUITests;
			productName = CityListViewControllerUITests;
			productReference = FBA187331C3F9BCB00941420 /* CityListViewControllerUITests.xctest */;
			productType = "com.apple.product-type.bundle.ui-testing";
		};
/* End PBXNativeTarget section */

/* Begin PBXProject section */
		FBA187071C3F9BCB00941420 /* Project object */ = {
			isa = PBXProject;
			attributes = {
				LastUpgradeCheck = 0710;
				ORGANIZATIONNAME = NengQuan;
				TargetAttributes = {
					FBA1870E1C3F9BCB00941420 = {
						CreatedOnToolsVersion = 7.1;
					};
					FBA187271C3F9BCB00941420 = {
						CreatedOnToolsVersion = 7.1;
						TestTargetID = FBA1870E1C3F9BCB00941420;
					};
					FBA187321C3F9BCB00941420 = {
						CreatedOnToolsVersion = 7.1;
						TestTargetID = FBA1870E1C3F9BCB00941420;
					};
				};
			};
			buildConfigurationList = FBA1870A1C3F9BCB00941420 /* Build configuration list for PBXProject "CityListViewController" */;
			compatibilityVersion = "Xcode 3.2";
			developmentRegion = English;
			hasScannedForEncodings = 0;
			knownRegions = (
				en,
				Base,
			);
			mainGroup = FBA187061C3F9BCB00941420;
			productRefGroup = FBA187101C3F9BCB00941420 /* Products */;
			projectDirPath = "";
			projectRoot = "";
			targets = (
				FBA1870E1C3F9BCB00941420 /* CityListViewController */,
				FBA187271C3F9BCB00941420 /* CityListViewControllerTests */,
				FBA187321C3F9BCB00941420 /* CityListViewControllerUITests */,
			);
		};
/* End PBXProject section */

/* Begin PBXResourcesBuildPhase section */
		FBA1870D1C3F9BCB00941420 /* Resources */ = {
			isa = PBXResourcesBuildPhase;
			buildActionMask = 2147483647;
			files = (
				FBA187221C3F9BCB00941420 /* LaunchScreen.storyboard in Resources */,
				FBA1871F1C3F9BCB00941420 /* Assets.xcassets in Resources */,
				FBA1874E1C3FA45800941420 /* cityListSourceArray.plist in Resources */,
				FBA187491C3F9C0F00941420 /* MYCityListViewController.xib in Resources */,
			);
			runOnlyForDeploymentPostprocessing = 0;
		};
		FBA187261C3F9BCB00941420 /* Resources */ = {
			isa = PBXResourcesBuildPhase;
			buildActionMask = 2147483647;
			files = (
			);
			runOnlyForDeploymentPostprocessing = 0;
		};
		FBA187311C3F9BCB00941420 /* Resources */ = {
			isa = PBXResourcesBuildPhase;
			buildActionMask = 2147483647;
			files = (
			);
			runOnlyForDeploymentPostprocessing = 0;
		};
/* End PBXResourcesBuildPhase section */

/* Begin PBXShellScriptBuildPhase section */
		0602171144DA1A7DCCBF7433 /* Check Pods Manifest.lock */ = {
			isa = PBXShellScriptBuildPhase;
			buildActionMask = 2147483647;
			files = (
			);
			inputPaths = (
			);
			name = "Check Pods Manifest.lock";
			outputPaths = (
			);
			runOnlyForDeploymentPostprocessing = 0;
			shellPath = /bin/sh;
			shellScript = "diff \"${PODS_ROOT}/../Podfile.lock\" \"${PODS_ROOT}/Manifest.lock\" > /dev/null\nif [[ $? != 0 ]] ; then\n    cat << EOM\nerror: The sandbox is not in sync with the Podfile.lock. Run 'pod install' or update your CocoaPods installation.\nEOM\n    exit 1\nfi\n";
			showEnvVarsInLog = 0;
		};
		5B22BCD7E4AEFD7278320309 /* Copy Pods Resources */ = {
			isa = PBXShellScriptBuildPhase;
			buildActionMask = 2147483647;
			files = (
			);
			inputPaths = (
			);
			name = "Copy Pods Resources";
			outputPaths = (
			);
			runOnlyForDeploymentPostprocessing = 0;
			shellPath = /bin/sh;
			shellScript = "\"${SRCROOT}/Pods/Target Support Files/Pods/Pods-resources.sh\"\n";
			showEnvVarsInLog = 0;
		};
		989CE4AE72F4F6516A73062E /* Embed Pods Frameworks */ = {
			isa = PBXShellScriptBuildPhase;
			buildActionMask = 2147483647;
			files = (
			);
			inputPaths = (
			);
			name = "Embed Pods Frameworks";
			outputPaths = (
			);
			runOnlyForDeploymentPostprocessing = 0;
			shellPath = /bin/sh;
			shellScript = "\"${SRCROOT}/Pods/Target Support Files/Pods/Pods-frameworks.sh\"\n";
			showEnvVarsInLog = 0;
		};
/* End PBXShellScriptBuildPhase section */

/* Begin PBXSourcesBuildPhase section */
		FBA1870B1C3F9BCB00941420 /* Sources */ = {
			isa = PBXSourcesBuildPhase;
			buildActionMask = 2147483647;
			files = (
				FBA1875D1C3FB0BB00941420 /* pinyin.c in Sources */,
				FBA1874C1C3FA07A00941420 /* UIImage+Extension.m in Sources */,
				FBA187171C3F9BCB00941420 /* AppDelegate.m in Sources */,
				FBA187141C3F9BCB00941420 /* main.m in Sources */,
				FBA1875A1C3FAE8200941420 /* MYCitySearchViewController.m in Sources */,
				FBA187571C3FA52100941420 /* MYCityEntyM.m in Sources */,
				FBA187481C3F9C0F00941420 /* MYCityListViewController.m in Sources */,
			);
			runOnlyForDeploymentPostprocessing = 0;
		};
		FBA187241C3F9BCB00941420 /* Sources */ = {
			isa = PBXSourcesBuildPhase;
			buildActionMask = 2147483647;
			files = (
				FBA1872D1C3F9BCB00941420 /* CityListViewControllerTests.m in Sources */,
			);
			runOnlyForDeploymentPostprocessing = 0;
		};
		FBA1872F1C3F9BCB00941420 /* Sources */ = {
			isa = PBXSourcesBuildPhase;
			buildActionMask = 2147483647;
			files = (
				FBA187381C3F9BCB00941420 /* CityListViewControllerUITests.m in Sources */,
			);
			runOnlyForDeploymentPostprocessing = 0;
		};
/* End PBXSourcesBuildPhase section */

/* Begin PBXTargetDependency section */
		FBA1872A1C3F9BCB00941420 /* PBXTargetDependency */ = {
			isa = PBXTargetDependency;
			target = FBA1870E1C3F9BCB00941420 /* CityListViewController */;
			targetProxy = FBA187291C3F9BCB00941420 /* PBXContainerItemProxy */;
		};
		FBA187351C3F9BCB00941420 /* PBXTargetDependency */ = {
			isa = PBXTargetDependency;
			target = FBA1870E1C3F9BCB00941420 /* CityListViewController */;
			targetProxy = FBA187341C3F9BCB00941420 /* PBXContainerItemProxy */;
		};
/* End PBXTargetDependency section */

/* Begin PBXVariantGroup section */
		FBA187201C3F9BCB00941420 /* LaunchScreen.storyboard */ = {
			isa = PBXVariantGroup;
			children = (
				FBA187211C3F9BCB00941420 /* Base */,
			);
			name = LaunchScreen.storyboard;
			sourceTree = "<group>";
		};
/* End PBXVariantGroup section */

/* Begin XCBuildConfiguration section */
		FBA1873A1C3F9BCB00941420 /* Debug */ = {
			isa = XCBuildConfiguration;
			buildSettings = {
				ALWAYS_SEARCH_USER_PATHS = NO;
				CLANG_CXX_LANGUAGE_STANDARD = "gnu++0x";
				CLANG_CXX_LIBRARY = "libc++";
				CLANG_ENABLE_MODULES = YES;
				CLANG_ENABLE_OBJC_ARC = YES;
				CLANG_WARN_BOOL_CONVERSION = YES;
				CLANG_WARN_CONSTANT_CONVERSION = YES;
				CLANG_WARN_DIRECT_OBJC_ISA_USAGE = YES_ERROR;
				CLANG_WARN_EMPTY_BODY = YES;
				CLANG_WARN_ENUM_CONVERSION = YES;
				CLANG_WARN_INT_CONVERSION = YES;
				CLANG_WARN_OBJC_ROOT_CLASS = YES_ERROR;
				CLANG_WARN_UNREACHABLE_CODE = YES;
				CLANG_WARN__DUPLICATE_METHOD_MATCH = YES;
				"CODE_SIGN_IDENTITY[sdk=iphoneos*]" = "iPhone Developer";
				COPY_PHASE_STRIP = NO;
				DEBUG_INFORMATION_FORMAT = dwarf;
				ENABLE_STRICT_OBJC_MSGSEND = YES;
				ENABLE_TESTABILITY = YES;
				GCC_C_LANGUAGE_STANDARD = gnu99;
				GCC_DYNAMIC_NO_PIC = NO;
				GCC_NO_COMMON_BLOCKS = YES;
				GCC_OPTIMIZATION_LEVEL = 0;
				GCC_PREPROCESSOR_DEFINITIONS = (
					"DEBUG=1",
					"$(inherited)",
				);
				GCC_WARN_64_TO_32_BIT_CONVERSION = YES;
				GCC_WARN_ABOUT_RETURN_TYPE = YES_ERROR;
				GCC_WARN_UNDECLARED_SELECTOR = YES;
				GCC_WARN_UNINITIALIZED_AUTOS = YES_AGGRESSIVE;
				GCC_WARN_UNUSED_FUNCTION = YES;
				GCC_WARN_UNUSED_VARIABLE = YES;
				IPHONEOS_DEPLOYMENT_TARGET = 9.1;
				MTL_ENABLE_DEBUG_INFO = YES;
				ONLY_ACTIVE_ARCH = YES;
				SDKROOT = iphoneos;
				TARGETED_DEVICE_FAMILY = "1,2";
			};
			name = Debug;
		};
		FBA1873B1C3F9BCB00941420 /* Release */ = {
			isa = XCBuildConfiguration;
			buildSettings = {
				ALWAYS_SEARCH_USER_PATHS = NO;
				CLANG_CXX_LANGUAGE_STANDARD = "gnu++0x";
				CLANG_CXX_LIBRARY = "libc++";
				CLANG_ENABLE_MODULES = YES;
				CLANG_ENABLE_OBJC_ARC = YES;
				CLANG_WARN_BOOL_CONVERSION = YES;
				CLANG_WARN_CONSTANT_CONVERSION = YES;
				CLANG_WARN_DIRECT_OBJC_ISA_USAGE = YES_ERROR;
				CLANG_WARN_EMPTY_BODY = YES;
				CLANG_WARN_ENUM_CONVERSION = YES;
				CLANG_WARN_INT_CONVERSION = YES;
				CLANG_WARN_OBJC_ROOT_CLASS = YES_ERROR;
				CLANG_WARN_UNREACHABLE_CODE = YES;
				CLANG_WARN__DUPLICATE_METHOD_MATCH = YES;
				"CODE_SIGN_IDENTITY[sdk=iphoneos*]" = "iPhone Developer";
				COPY_PHASE_STRIP = NO;
				DEBUG_INFORMATION_FORMAT = "dwarf-with-dsym";
				ENABLE_NS_ASSERTIONS = NO;
				ENABLE_STRICT_OBJC_MSGSEND = YES;
				GCC_C_LANGUAGE_STANDARD = gnu99;
				GCC_NO_COMMON_BLOCKS = YES;
				GCC_WARN_64_TO_32_BIT_CONVERSION = YES;
				GCC_WARN_ABOUT_RETURN_TYPE = YES_ERROR;
				GCC_WARN_UNDECLARED_SELECTOR = YES;
				GCC_WARN_UNINITIALIZED_AUTOS = YES_AGGRESSIVE;
				GCC_WARN_UNUSED_FUNCTION = YES;
				GCC_WARN_UNUSED_VARIABLE = YES;
				IPHONEOS_DEPLOYMENT_TARGET = 9.1;
				MTL_ENABLE_DEBUG_INFO = NO;
				SDKROOT = iphoneos;
				TARGETED_DEVICE_FAMILY = "1,2";
				VALIDATE_PRODUCT = YES;
			};
			name = Release;
		};
		FBA1873D1C3F9BCB00941420 /* Debug */ = {
			isa = XCBuildConfiguration;
			baseConfigurationReference = 9A747E876F07CFA3C4B636CC /* Pods.debug.xcconfig */;
			buildSettings = {
				ASSETCATALOG_COMPILER_APPICON_NAME = AppIcon;
				INFOPLIST_FILE = CityListViewController/Info.plist;
				LD_RUNPATH_SEARCH_PATHS = "$(inherited) @executable_path/Frameworks";
				PRODUCT_BUNDLE_IDENTIFIER = Quan.CityListViewController;
				PRODUCT_NAME = "$(TARGET_NAME)";
			};
			name = Debug;
		};
		FBA1873E1C3F9BCB00941420 /* Release */ = {
			isa = XCBuildConfiguration;
			baseConfigurationReference = 2A23FB7F533355CCED9DD698 /* Pods.release.xcconfig */;
			buildSettings = {
				ASSETCATALOG_COMPILER_APPICON_NAME = AppIcon;
				INFOPLIST_FILE = CityListViewController/Info.plist;
				LD_RUNPATH_SEARCH_PATHS = "$(inherited) @executable_path/Frameworks";
				PRODUCT_BUNDLE_IDENTIFIER = Quan.CityListViewController;
				PRODUCT_NAME = "$(TARGET_NAME)";
			};
			name = Release;
		};
		FBA187401C3F9BCB00941420 /* Debug */ = {
			isa = XCBuildConfiguration;
			buildSettings = {
				BUNDLE_LOADER = "$(TEST_HOST)";
				INFOPLIST_FILE = CityListViewControllerTests/Info.plist;
				LD_RUNPATH_SEARCH_PATHS = "$(inherited) @executable_path/Frameworks @loader_path/Frameworks";
				PRODUCT_BUNDLE_IDENTIFIER = Quan.CityListViewControllerTests;
				PRODUCT_NAME = "$(TARGET_NAME)";
				TEST_HOST = "$(BUILT_PRODUCTS_DIR)/CityListViewController.app/CityListViewController";
			};
			name = Debug;
		};
		FBA187411C3F9BCB00941420 /* Release */ = {
			isa = XCBuildConfiguration;
			buildSettings = {
				BUNDLE_LOADER = "$(TEST_HOST)";
				INFOPLIST_FILE = CityListViewControllerTests/Info.plist;
				LD_RUNPATH_SEARCH_PATHS = "$(inherited) @executable_path/Frameworks @loader_path/Frameworks";
				PRODUCT_BUNDLE_IDENTIFIER = Quan.CityListViewControllerTests;
				PRODUCT_NAME = "$(TARGET_NAME)";
				TEST_HOST = "$(BUILT_PRODUCTS_DIR)/CityListViewController.app/CityListViewController";
			};
			name = Release;
		};
		FBA187431C3F9BCB00941420 /* Debug */ = {
			isa = XCBuildConfiguration;
			buildSettings = {
				INFOPLIST_FILE = CityListViewControllerUITests/Info.plist;
				LD_RUNPATH_SEARCH_PATHS = "$(inherited) @executable_path/Frameworks @loader_path/Frameworks";
				PRODUCT_BUNDLE_IDENTIFIER = Quan.CityListViewControllerUITests;
				PRODUCT_NAME = "$(TARGET_NAME)";
				TEST_TARGET_NAME = CityListViewController;
				USES_XCTRUNNER = YES;
			};
			name = Debug;
		};
		FBA187441C3F9BCB00941420 /* Release */ = {
			isa = XCBuildConfiguration;
			buildSettings = {
				INFOPLIST_FILE = CityListViewControllerUITests/Info.plist;
				LD_RUNPATH_SEARCH_PATHS = "$(inherited) @executable_path/Frameworks @loader_path/Frameworks";
				PRODUCT_BUNDLE_IDENTIFIER = Quan.CityListViewControllerUITests;
				PRODUCT_NAME = "$(TARGET_NAME)";
				TEST_TARGET_NAME = CityListViewController;
				USES_XCTRUNNER = YES;
			};
			name = Release;
		};
/* End XCBuildConfiguration section */

/* Begin XCConfigurationList section */
		FBA1870A1C3F9BCB00941420 /* Build configuration list for PBXProject "CityListViewController" */ = {
			isa = XCConfigurationList;
			buildConfigurations = (
				FBA1873A1C3F9BCB00941420 /* Debug */,
				FBA1873B1C3F9BCB00941420 /* Release */,
			);
			defaultConfigurationIsVisible = 0;
			defaultConfigurationName = Release;
		};
		FBA1873C1C3F9BCB00941420 /* Build configuration list for PBXNativeTarget "CityListViewController" */ = {
			isa = XCConfigurationList;
			buildConfigurations = (
				FBA1873D1C3F9BCB00941420 /* Debug */,
				FBA1873E1C3F9BCB00941420 /* Release */,
			);
			defaultConfigurationIsVisible = 0;
			defaultConfigurationName = Release;
		};
		FBA1873F1C3F9BCB00941420 /* Build configuration list for PBXNativeTarget "CityListViewControllerTests" */ = {
			isa = XCConfigurationList;
			buildConfigurations = (
				FBA187401C3F9BCB00941420 /* Debug */,
				FBA187411C3F9BCB00941420 /* Release */,
			);
			defaultConfigurationIsVisible = 0;
			defaultConfigurationName = Release;
		};
		FBA187421C3F9BCB00941420 /* Build configuration list for PBXNativeTarget "CityListViewControllerUITests" */ = {
			isa = XCConfigurationList;
			buildConfigurations = (
				FBA187431C3F9BCB00941420 /* Debug */,
				FBA187441C3F9BCB00941420 /* Release */,
			);
			defaultConfigurationIsVisible = 0;
			defaultConfigurationName = Release;
		};
/* End XCConfigurationList section */
	};
	rootObject = FBA187071C3F9BCB00941420 /* Project object */;
}
